Microsoft Visual Studio Solution File, Format Version 12.00
# Visual Studio Version 17
VisualStudioVersion = 17.5.2.0
MinimumVisualStudioVersion = 10.0.40219.1
Project("{FAE04EC0-301F-11D3-BF4B-00C04F79EFBC}") = "AgentCouncil.API", "AgentCouncil.API\AgentCouncil.API.csproj", "{571C6528-85F3-0035-A5B1-55B6BDBB25DA}"
EndProject
Project("{FAE04EC0-301F-11D3-BF4B-00C04F79EFBC}") = "AgentCouncil.BlazorWasm", "AgentCouncil.BlazorWasm\AgentCouncil.BlazorWasm.csproj", "{BB6519FF-DC05-805A-ECED-1B533EB72E7D}"
EndProject
Global
	GlobalSection(SolutionConfigurationPlatforms) = preSolution
		Debug|Any CPU = Debug|Any CPU
		Release|Any CPU = Release|Any CPU
	EndGlobalSection
	GlobalSection(ProjectConfigurationPlatforms) = postSolution
		{571C6528-85F3-0035-A5B1-55B6BDBB25DA}.Debug|Any CPU.ActiveCfg = Debug|Any CPU
		{571C6528-85F3-0035-A5B1-55B6BDBB25DA}.Debug|Any CPU.Build.0 = Debug|Any CPU
		{571C6528-85F3-0035-A5B1-55B6BDBB25DA}.Release|Any CPU.ActiveCfg = Release|Any CPU
		{571C6528-85F3-0035-A5B1-55B6BDBB25DA}.Release|Any CPU.Build.0 = Release|Any CPU
		{BB6519FF-DC05-805A-ECED-1B533EB72E7D}.Debug|Any CPU.ActiveCfg = Debug|Any CPU
		{BB6519FF-DC05-805A-ECED-1B533EB72E7D}.Debug|Any CPU.Build.0 = Debug|Any CPU
		{BB6519FF-DC05-805A-ECED-1B533EB72E7D}.Release|Any CPU.ActiveCfg = Release|Any CPU
		{BB6519FF-DC05-805A-ECED-1B533EB72E7D}.Release|Any CPU.Build.0 = Release|Any CPU
	EndGlobalSection
	GlobalSection(SolutionProperties) = preSolution
		HideSolutionNode = FALSE
	EndGlobalSection
	GlobalSection(ExtensibilityGlobals) = postSolution
		SolutionGuid = {DA02A56A-225B-4E0E-8547-1C482FE7AF06}
	EndGlobalSection
EndGlobal
